
Microsoft Visual Studio Solution File, Format Version 12.00
# Visual Studio 15
VisualStudioVersion = 15.0.28307.168
MinimumVisualStudioVersion = 10.0.40219.1
Project("{151D2E53-A2C4-4D7D-83FE-D05416EBD58E}") = "AzurePAW-ADFS-NewRegion", "AzurePAW-ADFS-NewRegion\AzurePAW-ADFS-NewRegion.deployproj", "{C45B65E6-3FEF-4C58-922C-16674D5D71EE}"
EndProject
Global
	GlobalSection(SolutionConfigurationPlatforms) = preSolution
		Debug|Any CPU = Debug|Any CPU
		Release|Any CPU = Release|Any CPU
	EndGlobalSection
	GlobalSection(ProjectConfigurationPlatforms) = postSolution
		{C45B65E6-3FEF-4C58-922C-16674D5D71EE}.Debug|Any CPU.ActiveCfg = Debug|Any CPU
		{C45B65E6-3FEF-4C58-922C-16674D5D71EE}.Debug|Any CPU.Build.0 = Debug|Any CPU
		{C45B65E6-3FEF-4C58-922C-16674D5D71EE}.Release|Any CPU.ActiveCfg = Release|Any CPU
		{C45B65E6-3FEF-4C58-922C-16674D5D71EE}.Release|Any CPU.Build.0 = Release|Any CPU
	EndGlobalSection
	GlobalSection(SolutionProperties) = preSolution
		HideSolutionNode = FALSE
	EndGlobalSection
	GlobalSection(ExtensibilityGlobals) = postSolution
		SolutionGuid = {E639EABA-35F6-4BDF-B20D-FBD3EB7DF590}
	EndGlobalSection
EndGlobal
